
Microsoft Visual Studio Solution File, Format Version 12.00
# Visual Studio 2019
VisualStudioVersion = 16.0.28701.123
Project("{2150E333-8FDC-42A3-9474-1A3956D46DE8}") = "Tests", "Tests", "{6907FB0D-AF76-4A65-AEEC-25895C6FA79A}"
EndProject
Project("{FAE04EC0-301F-11D3-BF4B-00C04F79EFBC}") = "Drgn.Rpc.Tests", "src\tests\Drgn.Rpc.Tests\Drgn.Rpc.Tests.csproj", "{ECFEA03A-06E5-4FA5-AD4B-457E9A8C5FCC}"
EndProject
Project("{2150E333-8FDC-42A3-9474-1A3956D46DE8}") = "Samples", "Samples", "{A72AF4F3-FF00-4D78-9F3C-926AC32583A5}"
EndProject
Project("{2150E333-8FDC-42A3-9474-1A3956D46DE8}") = "Simple", "Simple", "{9EB4925A-5431-444D-AD24-F354D3DC0E36}"
EndProject
Project("{FAE04EC0-301F-11D3-BF4B-00C04F79EFBC}") = "SimpleClient", "src\samples\Simple\SimpleClient\SimpleClient.csproj", "{0EFC696C-A500-4410-8E22-9AD15B640C3F}"
EndProject
Project("{FAE04EC0-301F-11D3-BF4B-00C04F79EFBC}") = "SimpleServer", "src\samples\Simple\SimpleServer\SimpleServer.csproj", "{20B766AA-1C5B-4C29-A135-45ABE92BBCB8}"
EndProject
Project("{FAE04EC0-301F-11D3-BF4B-00C04F79EFBC}") = "Drgn.Rpc", "src\Drgn.Rpc\Drgn.Rpc.csproj", "{03B2F5B8-D231-48BE-9C24-4311BD350DE4}"
EndProject
Global
	GlobalSection(SolutionConfigurationPlatforms) = preSolution
		Debug|Any CPU = Debug|Any CPU
		Debug|x64 = Debug|x64
		Debug|x86 = Debug|x86
		Release|Any CPU = Release|Any CPU
		Release|x64 = Release|x64
		Release|x86 = Release|x86
	EndGlobalSection
	GlobalSection(ProjectConfigurationPlatforms) = postSolution
		{ECFEA03A-06E5-4FA5-AD4B-457E9A8C5FCC}.Debug|Any CPU.ActiveCfg = Debug|Any CPU
		{ECFEA03A-06E5-4FA5-AD4B-457E9A8C5FCC}.Debug|Any CPU.Build.0 = Debug|Any CPU
		{ECFEA03A-06E5-4FA5-AD4B-457E9A8C5FCC}.Debug|x64.ActiveCfg = Debug|Any CPU
		{ECFEA03A-06E5-4FA5-AD4B-457E9A8C5FCC}.Debug|x64.Build.0 = Debug|Any CPU
		{ECFEA03A-06E5-4FA5-AD4B-457E9A8C5FCC}.Debug|x86.ActiveCfg = Debug|Any CPU
		{ECFEA03A-06E5-4FA5-AD4B-457E9A8C5FCC}.Debug|x86.Build.0 = Debug|Any CPU
		{ECFEA03A-06E5-4FA5-AD4B-457E9A8C5FCC}.Release|Any CPU.ActiveCfg = Release|Any CPU
		{ECFEA03A-06E5-4FA5-AD4B-457E9A8C5FCC}.Release|Any CPU.Build.0 = Release|Any CPU
		{ECFEA03A-06E5-4FA5-AD4B-457E9A8C5FCC}.Release|x64.ActiveCfg = Release|Any CPU
		{ECFEA03A-06E5-4FA5-AD4B-457E9A8C5FCC}.Release|x64.Build.0 = Release|Any CPU
		{ECFEA03A-06E5-4FA5-AD4B-457E9A8C5FCC}.Release|x86.ActiveCfg = Release|Any CPU
		{ECFEA03A-06E5-4FA5-AD4B-457E9A8C5FCC}.Release|x86.Build.0 = Release|Any CPU
		{0EFC696C-A500-4410-8E22-9AD15B640C3F}.Debug|Any CPU.ActiveCfg = Debug|Any CPU
		{0EFC696C-A500-4410-8E22-9AD15B640C3F}.Debug|Any CPU.Build.0 = Debug|Any CPU
		{0EFC696C-A500-4410-8E22-9AD15B640C3F}.Debug|x64.ActiveCfg = Debug|Any CPU
		{0EFC696C-A500-4410-8E22-9AD15B640C3F}.Debug|x64.Build.0 = Debug|Any CPU
		{0EFC696C-A500-4410-8E22-9AD15B640C3F}.Debug|x86.ActiveCfg = Debug|Any CPU
		{0EFC696C-A500-4410-8E22-9AD15B640C3F}.Debug|x86.Build.0 = Debug|Any CPU
		{0EFC696C-A500-4410-8E22-9AD15B640C3F}.Release|Any CPU.ActiveCfg = Release|Any CPU
		{0EFC696C-A500-4410-8E22-9AD15B640C3F}.Release|Any CPU.Build.0 = Release|Any CPU
		{0EFC696C-A500-4410-8E22-9AD15B640C3F}.Release|x64.ActiveCfg = Release|Any CPU
		{0EFC696C-A500-4410-8E22-9AD15B640C3F}.Release|x64.Build.0 = Release|Any CPU
		{0EFC696C-A500-4410-8E22-9AD15B640C3F}.Release|x86.ActiveCfg = Release|Any CPU
		{0EFC696C-A500-4410-8E22-9AD15B640C3F}.Release|x86.Build.0 = Release|Any CPU
		{20B766AA-1C5B-4C29-A135-45ABE92BBCB8}.Debug|Any CPU.ActiveCfg = Debug|Any CPU
		{20B766AA-1C5B-4C29-A135-45ABE92BBCB8}.Debug|Any CPU.Build.0 = Debug|Any CPU
		{20B766AA-1C5B-4C29-A135-45ABE92BBCB8}.Debug|x64.ActiveCfg = Debug|Any CPU
		{20B766AA-1C5B-4C29-A135-45ABE92BBCB8}.Debug|x64.Build.0 = Debug|Any CPU
		{20B766AA-1C5B-4C29-A135-45ABE92BBCB8}.Debug|x86.ActiveCfg = Debug|Any CPU
		{20B766AA-1C5B-4C29-A135-45ABE92BBCB8}.Debug|x86.Build.0 = Debug|Any CPU
		{20B766AA-1C5B-4C29-A135-45ABE92BBCB8}.Release|Any CPU.ActiveCfg = Release|Any CPU
		{20B766AA-1C5B-4C29-A135-45ABE92BBCB8}.Release|Any CPU.Build.0 = Release|Any CPU
		{20B766AA-1C5B-4C29-A135-45ABE92BBCB8}.Release|x64.ActiveCfg = Release|Any CPU
		{20B766AA-1C5B-4C29-A135-45ABE92BBCB8}.Release|x64.Build.0 = Release|Any CPU
		{20B766AA-1C5B-4C29-A135-45ABE92BBCB8}.Release|x86.ActiveCfg = Release|Any CPU
		{20B766AA-1C5B-4C29-A135-45ABE92BBCB8}.Release|x86.Build.0 = Release|Any CPU
		{03B2F5B8-D231-48BE-9C24-4311BD350DE4}.Debug|Any CPU.ActiveCfg = Debug|Any CPU
		{03B2F5B8-D231-48BE-9C24-4311BD350DE4}.Debug|Any CPU.Build.0 = Debug|Any CPU
		{03B2F5B8-D231-48BE-9C24-4311BD350DE4}.Debug|x64.ActiveCfg = Debug|Any CPU
		{03B2F5B8-D231-48BE-9C24-4311BD350DE4}.Debug|x64.Build.0 = Debug|Any CPU
		{03B2F5B8-D231-48BE-9C24-4311BD350DE4}.Debug|x86.ActiveCfg = Debug|Any CPU
		{03B2F5B8-D231-48BE-9C24-4311BD350DE4}.Debug|x86.Build.0 = Debug|Any CPU
		{03B2F5B8-D231-48BE-9C24-4311BD350DE4}.Release|Any CPU.ActiveCfg = Release|Any CPU
		{03B2F5B8-D231-48BE-9C24-4311BD350DE4}.Release|Any CPU.Build.0 = Release|Any CPU
		{03B2F5B8-D231-48BE-9C24-4311BD350DE4}.Release|x64.ActiveCfg = Release|Any CPU
		{03B2F5B8-D231-48BE-9C24-4311BD350DE4}.Release|x64.Build.0 = Release|Any CPU
		{03B2F5B8-D231-48BE-9C24-4311BD350DE4}.Release|x86.ActiveCfg = Release|Any CPU
		{03B2F5B8-D231-48BE-9C24-4311BD350DE4}.Release|x86.Build.0 = Release|Any CPU
	EndGlobalSection
	GlobalSection(SolutionProperties) = preSolution
		HideSolutionNode = FALSE
	EndGlobalSection
	GlobalSection(NestedProjects) = preSolution
		{ECFEA03A-06E5-4FA5-AD4B-457E9A8C5FCC} = {6907FB0D-AF76-4A65-AEEC-25895C6FA79A}
		{9EB4925A-5431-444D-AD24-F354D3DC0E36} = {A72AF4F3-FF00-4D78-9F3C-926AC32583A5}
		{0EFC696C-A500-4410-8E22-9AD15B640C3F} = {9EB4925A-5431-444D-AD24-F354D3DC0E36}
		{20B766AA-1C5B-4C29-A135-45ABE92BBCB8} = {9EB4925A-5431-444D-AD24-F354D3DC0E36}
	EndGlobalSection
	GlobalSection(ExtensibilityGlobals) = postSolution
		SolutionGuid = {815CC0E7-E2F9-4DED-9E45-6E2C2B6623F0}
	EndGlobalSection
EndGlobal
